
Microsoft Visual Studio Solution File, Format Version 12.00
# Visual Studio Version 17
VisualStudioVersion = 17.11.35208.52
MinimumVisualStudioVersion = 10.0.40219.1
Project("{FAE04EC0-301F-11D3-BF4B-00C04F79EFBC}") = "CohemGamesFE", "CohemGamesFE.csproj", "{155F8165-4ACB-4BC6-B21F-DBE96E3180FA}"
EndProject
Global
	GlobalSection(SolutionConfigurationPlatforms) = preSolution
		Debug|Any CPU = Debug|Any CPU
		Release|Any CPU = Release|Any CPU
	EndGlobalSection
	GlobalSection(ProjectConfigurationPlatforms) = postSolution
		{155F8165-4ACB-4BC6-B21F-DBE96E3180FA}.Debug|Any CPU.ActiveCfg = Debug|Any CPU
		{155F8165-4ACB-4BC6-B21F-DBE96E3180FA}.Debug|Any CPU.Build.0 = Debug|Any CPU
		{155F8165-4ACB-4BC6-B21F-DBE96E3180FA}.Release|Any CPU.ActiveCfg = Release|Any CPU
		{155F8165-4ACB-4BC6-B21F-DBE96E3180FA}.Release|Any CPU.Build.0 = Release|Any CPU
	EndGlobalSection
	GlobalSection(SolutionProperties) = preSolution
		HideSolutionNode = FALSE
	EndGlobalSection
	GlobalSection(ExtensibilityGlobals) = postSolution
		SolutionGuid = {5654E6AE-B480-48FD-B650-66495675E7CD}
	EndGlobalSection
EndGlobal
